// !$*UTF8*$!
{
	archiveVersion = 1;
	classes = {
	};
	objectVersion = 51;
	objects = {

/* Begin PBXBuildFile section */
		0BADD4548BF3E6C219C8C5D6 /* Pods_Instagram.framework in Frameworks */ = {isa = PBXBuildFile; fileRef = EC3C8AFF4BDE68E547BC5FF6 /* Pods_Instagram.framework */; };
		B68B5575277BD9DF0021484C /* AppDelegate.swift in Sources */ = {isa = PBXBuildFile; fileRef = B68B5574277BD9DF0021484C /* AppDelegate.swift */; };
		B68B5577277BD9DF0021484C /* SceneDelegate.swift in Sources */ = {isa = PBXBuildFile; fileRef = B68B5576277BD9DF0021484C /* SceneDelegate.swift */; };
		B68B5579277BD9DF0021484C /* HomeViewController.swift in Sources */ = {isa = PBXBuildFile; fileRef = B68B5578277BD9DF0021484C /* HomeViewController.swift */; };
		B68B557C277BD9DF0021484C /* Main.storyboard in Resources */ = {isa = PBXBuildFile; fileRef = B68B557A277BD9DF0021484C /* Main.storyboard */; };
		B68B557E277BD9E00021484C /* Assets.xcassets in Resources */ = {isa = PBXBuildFile; fileRef = B68B557D277BD9E00021484C /* Assets.xcassets */; };
		B68B5581277BD9E00021484C /* LaunchScreen.storyboard in Resources */ = {isa = PBXBuildFile; fileRef = B68B557F277BD9E00021484C /* LaunchScreen.storyboard */; };
		B68B5590277BDB880021484C /* ExploreViewController.swift in Sources */ = {isa = PBXBuildFile; fileRef = B68B558F277BDB880021484C /* ExploreViewController.swift */; };
		B68B5592277BDB980021484C /* CameraViewController.swift in Sources */ = {isa = PBXBuildFile; fileRef = B68B5591277BDB980021484C /* CameraViewController.swift */; };
		B68B5594277BDBB10021484C /* NotificationsViewController.swift in Sources */ = {isa = PBXBuildFile; fileRef = B68B5593277BDBB10021484C /* NotificationsViewController.swift */; };
		B68B5596277BDBBA0021484C /* ProfileViewController.swift in Sources */ = {isa = PBXBuildFile; fileRef = B68B5595277BDBBA0021484C /* ProfileViewController.swift */; };
		B68B559B277BDC590021484C /* LoginViewController.swift in Sources */ = {isa = PBXBuildFile; fileRef = B68B559A277BDC590021484C /* LoginViewController.swift */; };
		B68B559D277BDC630021484C /* RegistrationViewController.swift in Sources */ = {isa = PBXBuildFile; fileRef = B68B559C277BDC630021484C /* RegistrationViewController.swift */; };
		B68B559F277BDCE00021484C /* PostViewController.swift in Sources */ = {isa = PBXBuildFile; fileRef = B68B559E277BDCE00021484C /* PostViewController.swift */; };
		B68B55A1277BDCEE0021484C /* EditProfileViewController.swift in Sources */ = {isa = PBXBuildFile; fileRef = B68B55A0277BDCEE0021484C /* EditProfileViewController.swift */; };
		B68B55A3277BDCF70021484C /* SettingsViewController.swift in Sources */ = {isa = PBXBuildFile; fileRef = B68B55A2277BDCF70021484C /* SettingsViewController.swift */; };
		B68B55A5277BDD090021484C /* ListViewController.swift in Sources */ = {isa = PBXBuildFile; fileRef = B68B55A4277BDD090021484C /* ListViewController.swift */; };
		B68B55A7277BDD130021484C /* SearchViewController.swift in Sources */ = {isa = PBXBuildFile; fileRef = B68B55A6277BDD130021484C /* SearchViewController.swift */; };
		B68B55A9277BDD1F0021484C /* SearchResultViewController.swift in Sources */ = {isa = PBXBuildFile; fileRef = B68B55A8277BDD1F0021484C /* SearchResultViewController.swift */; };
		B68B55AB277BDD540021484C /* PostEditorViewController.swift in Sources */ = {isa = PBXBuildFile; fileRef = B68B55AA277BDD540021484C /* PostEditorViewController.swift */; };
		B68B55AD277BDD680021484C /* PublishPostViewController.swift in Sources */ = {isa = PBXBuildFile; fileRef = B68B55AC277BDD680021484C /* PublishPostViewController.swift */; };
		B68B55B1277BEDAB0021484C /* GoogleService-Info.plist in Resources */ = {isa = PBXBuildFile; fileRef = B68B55B0277BEDAB0021484C /* GoogleService-Info.plist */; };
		B690ECB4277BF44E0019C964 /* DatabaseManager.swift in Sources */ = {isa = PBXBuildFile; fileRef = B690ECB3277BF44E0019C964 /* DatabaseManager.swift */; };
		B690ECB6277BF4DA0019C964 /* AuthManager.swift in Sources */ = {isa = PBXBuildFile; fileRef = B690ECB5277BF4DA0019C964 /* AuthManager.swift */; };
		B690ECB8277BF5140019C964 /* StorageManager.swift in Sources */ = {isa = PBXBuildFile; fileRef = B690ECB7277BF5140019C964 /* StorageManager.swift */; };
/* End PBXBuildFile section */

/* Begin PBXFileReference section */
		15B6CE10CB9E72DF3DE6601A /* Pods-Instagram.debug.xcconfig */ = {isa = PBXFileReference; includeInIndex = 1; lastKnownFileType = text.xcconfig; name = "Pods-Instagram.debug.xcconfig"; path = "Target Support Files/Pods-Instagram/Pods-Instagram.debug.xcconfig"; sourceTree = "<group>"; };
		305DD1E14D07AF11DA9417BE /* Pods-Instagram.release.xcconfig */ = {isa = PBXFileReference; includeInIndex = 1; lastKnownFileType = text.xcconfig; name = "Pods-Instagram.release.xcconfig"; path = "Target Support Files/Pods-Instagram/Pods-Instagram.release.xcconfig"; sourceTree = "<group>"; };
		B68B5571277BD9DF0021484C /* Instagram.app */ = {isa = PBXFileReference; explicitFileType = wrapper.application; includeInIndex = 0; path = Instagram.app; sourceTree = BUILT_PRODUCTS_DIR; };
		B68B5574277BD9DF0021484C /* AppDelegate.swift */ = {isa = PBXFileReference; lastKnownFileType = sourcecode.swift; path = AppDelegate.swift; sourceTree = "<group>"; };
		B68B5576277BD9DF0021484C /* SceneDelegate.swift */ = {isa = PBXFileReference; lastKnownFileType = sourcecode.swift; path = SceneDelegate.swift; sourceTree = "<group>"; };
		B68B5578277BD9DF0021484C /* HomeViewController.swift */ = {isa = PBXFileReference; lastKnownFileType = sourcecode.swift; path = HomeViewController.swift; sourceTree = "<group>"; };
		B68B557B277BD9DF0021484C /* Base */ = {isa = PBXFileReference; lastKnownFileType = file.storyboard; name = Base; path = Base.lproj/Main.storyboard; sourceTree = "<group>"; };
		B68B557D277BD9E00021484C /* Assets.xcassets */ = {isa = PBXFileReference; lastKnownFileType = folder.assetcatalog; path = Assets.xcassets; sourceTree = "<group>"; };
		B68B5580277BD9E00021484C /* Base */ = {isa = PBXFileReference; lastKnownFileType = file.storyboard; name = Base; path = Base.lproj/LaunchScreen.storyboard; sourceTree = "<group>"; };
		B68B5582277BD9E00021484C /* Info.plist */ = {isa = PBXFileReference; lastKnownFileType = text.plist.xml; path = Info.plist; sourceTree = "<group>"; };
		B68B558F277BDB880021484C /* ExploreViewController.swift */ = {isa = PBXFileReference; lastKnownFileType = sourcecode.swift; path = ExploreViewController.swift; sourceTree = "<group>"; };
		B68B5591277BDB980021484C /* CameraViewController.swift */ = {isa = PBXFileReference; lastKnownFileType = sourcecode.swift; path = CameraViewController.swift; sourceTree = "<group>"; };
		B68B5593277BDBB10021484C /* NotificationsViewController.swift */ = {isa = PBXFileReference; lastKnownFileType = sourcecode.swift; path = NotificationsViewController.swift; sourceTree = "<group>"; };
		B68B5595277BDBBA0021484C /* ProfileViewController.swift */ = {isa = PBXFileReference; lastKnownFileType = sourcecode.swift; path = ProfileViewController.swift; sourceTree = "<group>"; };
		B68B559A277BDC590021484C /* LoginViewController.swift */ = {isa = PBXFileReference; lastKnownFileType = sourcecode.swift; path = LoginViewController.swift; sourceTree = "<group>"; };
		B68B559C277BDC630021484C /* RegistrationViewController.swift */ = {isa = PBXFileReference; lastKnownFileType = sourcecode.swift; path = RegistrationViewController.swift; sourceTree = "<group>"; };
		B68B559E277BDCE00021484C /* PostViewController.swift */ = {isa = PBXFileReference; lastKnownFileType = sourcecode.swift; path = PostViewController.swift; sourceTree = "<group>"; };
		B68B55A0277BDCEE0021484C /* EditProfileViewController.swift */ = {isa = PBXFileReference; lastKnownFileType = sourcecode.swift; path = EditProfileViewController.swift; sourceTree = "<group>"; };
		B68B55A2277BDCF70021484C /* SettingsViewController.swift */ = {isa = PBXFileReference; lastKnownFileType = sourcecode.swift; path = SettingsViewController.swift; sourceTree = "<group>"; };
		B68B55A4277BDD090021484C /* ListViewController.swift */ = {isa = PBXFileReference; lastKnownFileType = sourcecode.swift; path = ListViewController.swift; sourceTree = "<group>"; };
		B68B55A6277BDD130021484C /* SearchViewController.swift */ = {isa = PBXFileReference; lastKnownFileType = sourcecode.swift; path = SearchViewController.swift; sourceTree = "<group>"; };
		B68B55A8277BDD1F0021484C /* SearchResultViewController.swift */ = {isa = PBXFileReference; lastKnownFileType = sourcecode.swift; path = SearchResultViewController.swift; sourceTree = "<group>"; };
		B68B55AA277BDD540021484C /* PostEditorViewController.swift */ = {isa = PBXFileReference; lastKnownFileType = sourcecode.swift; path = PostEditorViewController.swift; sourceTree = "<group>"; };
		B68B55AC277BDD680021484C /* PublishPostViewController.swift */ = {isa = PBXFileReference; lastKnownFileType = sourcecode.swift; path = PublishPostViewController.swift; sourceTree = "<group>"; };
		B68B55B0277BEDAB0021484C /* GoogleService-Info.plist */ = {isa = PBXFileReference; fileEncoding = 4; lastKnownFileType = text.plist.xml; path = "GoogleService-Info.plist"; sourceTree = "<group>"; };
		B690ECB3277BF44E0019C964 /* DatabaseManager.swift */ = {isa = PBXFileReference; lastKnownFileType = sourcecode.swift; path = DatabaseManager.swift; sourceTree = "<group>"; };
		B690ECB5277BF4DA0019C964 /* AuthManager.swift */ = {isa = PBXFileReference; lastKnownFileType = sourcecode.swift; path = AuthManager.swift; sourceTree = "<group>"; };
		B690ECB7277BF5140019C964 /* StorageManager.swift */ = {isa = PBXFileReference; lastKnownFileType = sourcecode.swift; path = StorageManager.swift; sourceTree = "<group>"; };
		EC3C8AFF4BDE68E547BC5FF6 /* Pods_Instagram.framework */ = {isa = PBXFileReference; explicitFileType = wrapper.framework; includeInIndex = 0; path = Pods_Instagram.framework; sourceTree = BUILT_PRODUCTS_DIR; };
/* End PBXFileReference section */

/* Begin PBXFrameworksBuildPhase section */
		B68B556E277BD9DF0021484C /* Frameworks */ = {
			isa = PBXFrameworksBuildPhase;
			buildActionMask = 2147483647;
			files = (
				0BADD4548BF3E6C219C8C5D6 /* Pods_Instagram.framework in Frameworks */,
			);
			runOnlyForDeploymentPostprocessing = 0;
		};
/* End PBXFrameworksBuildPhase section */

/* Begin PBXGroup section */
		1C3A3148D50C1F7D08F0FFA6 /* Frameworks */ = {
			isa = PBXGroup;
			children = (
				EC3C8AFF4BDE68E547BC5FF6 /* Pods_Instagram.framework */,
			);
			name = Frameworks;
			sourceTree = "<group>";
		};
		771CA29E74DEBAA50494BAF7 /* Pods */ = {
			isa = PBXGroup;
			children = (
				15B6CE10CB9E72DF3DE6601A /* Pods-Instagram.debug.xcconfig */,
				305DD1E14D07AF11DA9417BE /* Pods-Instagram.release.xcconfig */,
			);
			path = Pods;
			sourceTree = "<group>";
		};
		B68B5568277BD9DF0021484C = {
			isa = PBXGroup;
			children = (
				B68B5573277BD9DF0021484C /* Instagram */,
				B68B5572277BD9DF0021484C /* Products */,
				771CA29E74DEBAA50494BAF7 /* Pods */,
				1C3A3148D50C1F7D08F0FFA6 /* Frameworks */,
			);
			sourceTree = "<group>";
		};
		B68B5572277BD9DF0021484C /* Products */ = {
			isa = PBXGroup;
			children = (
				B68B5571277BD9DF0021484C /* Instagram.app */,
			);
			name = Products;
			sourceTree = "<group>";
		};
		B68B5573277BD9DF0021484C /* Instagram */ = {
			isa = PBXGroup;
			children = (
				B68B5582277BD9E00021484C /* Info.plist */,
				B68B558B277BDA690021484C /* Controllers */,
				B68B5589277BDA590021484C /* Models */,
				B68B5588277BDA490021484C /* Resources */,
				B68B558A277BDA630021484C /* Views */,
			);
			path = Instagram;
			sourceTree = "<group>";
		};
		B68B5588277BDA490021484C /* Resources */ = {
			isa = PBXGroup;
			children = (
				B68B5574277BD9DF0021484C /* AppDelegate.swift */,
				B68B55B0277BEDAB0021484C /* GoogleService-Info.plist */,
				B68B5576277BD9DF0021484C /* SceneDelegate.swift */,
				B690ECB3277BF44E0019C964 /* DatabaseManager.swift */,
				B690ECB5277BF4DA0019C964 /* AuthManager.swift */,
				B690ECB7277BF5140019C964 /* StorageManager.swift */,
			);
			path = Resources;
			sourceTree = "<group>";
		};
		B68B5589277BDA590021484C /* Models */ = {
			isa = PBXGroup;
			children = (
			);
			path = Models;
			sourceTree = "<group>";
		};
		B68B558A277BDA630021484C /* Views */ = {
			isa = PBXGroup;
			children = (
				B68B558E277BDB0E0021484C /* Storyboards */,
				B68B557D277BD9E00021484C /* Assets.xcassets */,
			);
			path = Views;
			sourceTree = "<group>";
		};
		B68B558B277BDA690021484C /* Controllers */ = {
			isa = PBXGroup;
			children = (
				B68B5598277BDC420021484C /* Other */,
				B68B5597277BDBF50021484C /* Core Tabs */,
			);
			path = Controllers;
			sourceTree = "<group>";
		};
		B68B558E277BDB0E0021484C /* Storyboards */ = {
			isa = PBXGroup;
			children = (
				B68B557F277BD9E00021484C /* LaunchScreen.storyboard */,
				B68B557A277BD9DF0021484C /* Main.storyboard */,
			);
			path = Storyboards;
			sourceTree = "<group>";
		};
		B68B5597277BDBF50021484C /* Core Tabs */ = {
			isa = PBXGroup;
			children = (
				B68B5578277BD9DF0021484C /* HomeViewController.swift */,
				B68B558F277BDB880021484C /* ExploreViewController.swift */,
				B68B5591277BDB980021484C /* CameraViewController.swift */,
				B68B5593277BDBB10021484C /* NotificationsViewController.swift */,
				B68B5595277BDBBA0021484C /* ProfileViewController.swift */,
			);
			path = "Core Tabs";
			sourceTree = "<group>";
		};
		B68B5598277BDC420021484C /* Other */ = {
			isa = PBXGroup;
			children = (
				B68B5599277BDC4A0021484C /* Onboarding */,
				B690ECB2277BF3C70019C964 /* General */,
			);
			path = Other;
			sourceTree = "<group>";
		};
		B68B5599277BDC4A0021484C /* Onboarding */ = {
			isa = PBXGroup;
			children = (
				B68B559A277BDC590021484C /* LoginViewController.swift */,
				B68B559C277BDC630021484C /* RegistrationViewController.swift */,
			);
			path = Onboarding;
			sourceTree = "<group>";
		};
		B690ECB2277BF3C70019C964 /* General */ = {
			isa = PBXGroup;
			children = (
				B68B559E277BDCE00021484C /* PostViewController.swift */,
				B68B55A0277BDCEE0021484C /* EditProfileViewController.swift */,
				B68B55A2277BDCF70021484C /* SettingsViewController.swift */,
				B68B55A4277BDD090021484C /* ListViewController.swift */,
				B68B55A6277BDD130021484C /* SearchViewController.swift */,
				B68B55A8277BDD1F0021484C /* SearchResultViewController.swift */,
				B68B55AA277BDD540021484C /* PostEditorViewController.swift */,
				B68B55AC277BDD680021484C /* PublishPostViewController.swift */,
			);
			path = General;
			sourceTree = "<group>";
		};
/* End PBXGroup section */

/* Begin PBXNativeTarget section */
		B68B5570277BD9DF0021484C /* Instagram */ = {
			isa = PBXNativeTarget;
			buildConfigurationList = B68B5585277BD9E00021484C /* Build configuration list for PBXNativeTarget "Instagram" */;
			buildPhases = (
				5AFF9BED0FBB143AF3233378 /* [CP] Check Pods Manifest.lock */,
				B68B556D277BD9DF0021484C /* Sources */,
				B68B556E277BD9DF0021484C /* Frameworks */,
				B68B556F277BD9DF0021484C /* Resources */,
				CF10A3EA8EA08F334324F6FE /* [CP] Embed Pods Frameworks */,
			);
			buildRules = (
			);
			dependencies = (
			);
			name = Instagram;
			productName = Instagram;
			productReference = B68B5571277BD9DF0021484C /* Instagram.app */;
			productType = "com.apple.product-type.application";
		};
/* End PBXNativeTarget section */

/* Begin PBXProject section */
		B68B5569277BD9DF0021484C /* Project object */ = {
			isa = PBXProject;
			attributes = {
				LastSwiftUpdateCheck = 1250;
				LastUpgradeCheck = 1250;
				TargetAttributes = {
					B68B5570277BD9DF0021484C = {
						CreatedOnToolsVersion = 12.5.1;
					};
				};
			};
			buildConfigurationList = B68B556C277BD9DF0021484C /* Build configuration list for PBXProject "Instagram" */;
			compatibilityVersion = "Xcode 9.3";
			developmentRegion = en;
			hasScannedForEncodings = 0;
			knownRegions = (
				en,
				Base,
			);
			mainGroup = B68B5568277BD9DF0021484C;
			productRefGroup = B68B5572277BD9DF0021484C /* Products */;
			projectDirPath = "";
			projectRoot = "";
			targets = (
				B68B5570277BD9DF0021484C /* Instagram */,
			);
		};
/* End PBXProject section */

/* Begin PBXResourcesBuildPhase section */
		B68B556F277BD9DF0021484C /* Resources */ = {
			isa = PBXResourcesBuildPhase;
			buildActionMask = 2147483647;
			files = (
				B68B5581277BD9E00021484C /* LaunchScreen.storyboard in Resources */,
				B68B55B1277BEDAB0021484C /* GoogleService-Info.plist in Resources */,
				B68B557E277BD9E00021484C /* Assets.xcassets in Resources */,
				B68B557C277BD9DF0021484C /* Main.storyboard in Resources */,
			);
			runOnlyForDeploymentPostprocessing = 0;
		};
/* End PBXResourcesBuildPhase section */

/* Begin PBXShellScriptBuildPhase section */
		5AFF9BED0FBB143AF3233378 /* [CP] Check Pods Manifest.lock */ = {
			isa = PBXShellScriptBuildPhase;
			buildActionMask = 2147483647;
			files = (
			);
			inputFileListPaths = (
			);
			inputPaths = (
				"${PODS_PODFILE_DIR_PATH}/Podfile.lock",
				"${PODS_ROOT}/Manifest.lock",
			);
			name = "[CP] Check Pods Manifest.lock";
			outputFileListPaths = (
			);
			outputPaths = (
				"$(DERIVED_FILE_DIR)/Pods-Instagram-checkManifestLockResult.txt",
			);
			runOnlyForDeploymentPostprocessing = 0;
			shellPath = /bin/sh;
			shellScript = "diff \"${PODS_PODFILE_DIR_PATH}/Podfile.lock\" \"${PODS_ROOT}/Manifest.lock\" > /dev/null\nif [ $? != 0 ] ; then\n    # print error to STDERR\n    echo \"error: The sandbox is not in sync with the Podfile.lock. Run 'pod install' or update your CocoaPods installation.\" >&2\n    exit 1\nfi\n# This output is used by Xcode 'outputs' to avoid re-running this script phase.\necho \"SUCCESS\" > \"${SCRIPT_OUTPUT_FILE_0}\"\n";
			showEnvVarsInLog = 0;
		};
		CF10A3EA8EA08F334324F6FE /* [CP] Embed Pods Frameworks */ = {
			isa = PBXShellScriptBuildPhase;
			buildActionMask = 2147483647;
			files = (
			);
			inputFileListPaths = (
				"${PODS_ROOT}/Target Support Files/Pods-Instagram/Pods-Instagram-frameworks-${CONFIGURATION}-input-files.xcfilelist",
			);
			name = "[CP] Embed Pods Frameworks";
			outputFileListPaths = (
				"${PODS_ROOT}/Target Support Files/Pods-Instagram/Pods-Instagram-frameworks-${CONFIGURATION}-output-files.xcfilelist",
			);
			runOnlyForDeploymentPostprocessing = 0;
			shellPath = /bin/sh;
			shellScript = "\"${PODS_ROOT}/Target Support Files/Pods-Instagram/Pods-Instagram-frameworks.sh\"\n";
			showEnvVarsInLog = 0;
		};
/* End PBXShellScriptBuildPhase section */

/* Begin PBXSourcesBuildPhase section */
		B68B556D277BD9DF0021484C /* Sources */ = {
			isa = PBXSourcesBuildPhase;
			buildActionMask = 2147483647;
			files = (
				B68B55A1277BDCEE0021484C /* EditProfileViewController.swift in Sources */,
				B68B5590277BDB880021484C /* ExploreViewController.swift in Sources */,
				B68B55AD277BDD680021484C /* PublishPostViewController.swift in Sources */,
				B68B5592277BDB980021484C /* CameraViewController.swift in Sources */,
				B68B5579277BD9DF0021484C /* HomeViewController.swift in Sources */,
				B68B559D277BDC630021484C /* RegistrationViewController.swift in Sources */,
				B68B55AB277BDD540021484C /* PostEditorViewController.swift in Sources */,
				B690ECB8277BF5140019C964 /* StorageManager.swift in Sources */,
				B68B559F277BDCE00021484C /* PostViewController.swift in Sources */,
				B690ECB4277BF44E0019C964 /* DatabaseManager.swift in Sources */,
				B68B5594277BDBB10021484C /* NotificationsViewController.swift in Sources */,
				B68B55A9277BDD1F0021484C /* SearchResultViewController.swift in Sources */,
				B68B559B277BDC590021484C /* LoginViewController.swift in Sources */,
				B68B55A7277BDD130021484C /* SearchViewController.swift in Sources */,
				B68B5596277BDBBA0021484C /* ProfileViewController.swift in Sources */,
				B690ECB6277BF4DA0019C964 /* AuthManager.swift in Sources */,
				B68B5575277BD9DF0021484C /* AppDelegate.swift in Sources */,
				B68B5577277BD9DF0021484C /* SceneDelegate.swift in Sources */,
				B68B55A5277BDD090021484C /* ListViewController.swift in Sources */,
				B68B55A3277BDCF70021484C /* SettingsViewController.swift in Sources */,
			);
			runOnlyForDeploymentPostprocessing = 0;
		};
/* End PBXSourcesBuildPhase section */

/* Begin PBXVariantGroup section */
		B68B557A277BD9DF0021484C /* Main.storyboard */ = {
			isa = PBXVariantGroup;
			children = (
				B68B557B277BD9DF0021484C /* Base */,
			);
			name = Main.storyboard;
			sourceTree = "<group>";
		};
		B68B557F277BD9E00021484C /* LaunchScreen.storyboard */ = {
			isa = PBXVariantGroup;
			children = (
				B68B5580277BD9E00021484C /* Base */,
			);
			name = LaunchScreen.storyboard;
			sourceTree = "<group>";
		};
/* End PBXVariantGroup section */

/* Begin XCBuildConfiguration section */
		B68B5583277BD9E00021484C /* Debug */ = {
			isa = XCBuildConfiguration;
			buildSettings = {
				ALWAYS_SEARCH_USER_PATHS = NO;
				CLANG_ANALYZER_NONNULL = YES;
				CLANG_ANALYZER_NUMBER_OBJECT_CONVERSION = YES_AGGRESSIVE;
				CLANG_CXX_LANGUAGE_STANDARD = "gnu++14";
				CLANG_CXX_LIBRARY = "libc++";
				CLANG_ENABLE_MODULES = YES;
				CLANG_ENABLE_OBJC_ARC = YES;
				CLANG_ENABLE_OBJC_WEAK = YES;
				CLANG_WARN_BLOCK_CAPTURE_AUTORELEASING = YES;
				CLANG_WARN_BOOL_CONVERSION = YES;
				CLANG_WARN_COMMA = YES;
				CLANG_WARN_CONSTANT_CONVERSION = YES;
				CLANG_WARN_DEPRECATED_OBJC_IMPLEMENTATIONS = YES;
				CLANG_WARN_DIRECT_OBJC_ISA_USAGE = YES_ERROR;
				CLANG_WARN_DOCUMENTATION_COMMENTS = YES;
				CLANG_WARN_EMPTY_BODY = YES;
				CLANG_WARN_ENUM_CONVERSION = YES;
				CLANG_WARN_INFINITE_RECURSION = YES;
				CLANG_WARN_INT_CONVERSION = YES;
				CLANG_WARN_NON_LITERAL_NULL_CONVERSION = YES;
				CLANG_WARN_OBJC_IMPLICIT_RETAIN_SELF = YES;
				CLANG_WARN_OBJC_LITERAL_CONVERSION = YES;
				CLANG_WARN_OBJC_ROOT_CLASS = YES_ERROR;
				CLANG_WARN_QUOTED_INCLUDE_IN_FRAMEWORK_HEADER = YES;
				CLANG_WARN_RANGE_LOOP_ANALYSIS = YES;
				CLANG_WARN_STRICT_PROTOTYPES = YES;
				CLANG_WARN_SUSPICIOUS_MOVE = YES;
				CLANG_WARN_UNGUARDED_AVAILABILITY = YES_AGGRESSIVE;
				CLANG_WARN_UNREACHABLE_CODE = YES;
				CLANG_WARN__DUPLICATE_METHOD_MATCH = YES;
				COPY_PHASE_STRIP = NO;
				DEBUG_INFORMATION_FORMAT = dwarf;
				ENABLE_STRICT_OBJC_MSGSEND = YES;
				ENABLE_TESTABILITY = YES;
				GCC_C_LANGUAGE_STANDARD = gnu11;
				GCC_DYNAMIC_NO_PIC = NO;
				GCC_NO_COMMON_BLOCKS = YES;
				GCC_OPTIMIZATION_LEVEL = 0;
				GCC_PREPROCESSOR_DEFINITIONS = (
					"DEBUG=1",
					"$(inherited)",
				);
				GCC_WARN_64_TO_32_BIT_CONVERSION = YES;
				GCC_WARN_ABOUT_RETURN_TYPE = YES_ERROR;
				GCC_WARN_UNDECLARED_SELECTOR = YES;
				GCC_WARN_UNINITIALIZED_AUTOS = YES_AGGRESSIVE;
				GCC_WARN_UNUSED_FUNCTION = YES;
				GCC_WARN_UNUSED_VARIABLE = YES;
				IPHONEOS_DEPLOYMENT_TARGET = 14.5;
				MTL_ENABLE_DEBUG_INFO = INCLUDE_SOURCE;
				MTL_FAST_MATH = YES;
				ONLY_ACTIVE_ARCH = YES;
				SDKROOT = iphoneos;
				SWIFT_ACTIVE_COMPILATION_CONDITIONS = DEBUG;
				SWIFT_OPTIMIZATION_LEVEL = "-Onone";
			};
			name = Debug;
		};
		B68B5584277BD9E00021484C /* Release */ = {
			isa = XCBuildConfiguration;
			buildSettings = {
				ALWAYS_SEARCH_USER_PATHS = NO;
				CLANG_ANALYZER_NONNULL = YES;
				CLANG_ANALYZER_NUMBER_OBJECT_CONVERSION = YES_AGGRESSIVE;
				CLANG_CXX_LANGUAGE_STANDARD = "gnu++14";
				CLANG_CXX_LIBRARY = "libc++";
				CLANG_ENABLE_MODULES = YES;
				CLANG_ENABLE_OBJC_ARC = YES;
				CLANG_ENABLE_OBJC_WEAK = YES;
				CLANG_WARN_BLOCK_CAPTURE_AUTORELEASING = YES;
				CLANG_WARN_BOOL_CONVERSION = YES;
				CLANG_WARN_COMMA = YES;
				CLANG_WARN_CONSTANT_CONVERSION = YES;
				CLANG_WARN_DEPRECATED_OBJC_IMPLEMENTATIONS = YES;
				CLANG_WARN_DIRECT_OBJC_ISA_USAGE = YES_ERROR;
				CLANG_WARN_DOCUMENTATION_COMMENTS = YES;
				CLANG_WARN_EMPTY_BODY = YES;
				CLANG_WARN_ENUM_CONVERSION = YES;
				CLANG_WARN_INFINITE_RECURSION = YES;
				CLANG_WARN_INT_CONVERSION = YES;
				CLANG_WARN_NON_LITERAL_NULL_CONVERSION = YES;
				CLANG_WARN_OBJC_IMPLICIT_RETAIN_SELF = YES;
				CLANG_WARN_OBJC_LITERAL_CONVERSION = YES;
				CLANG_WARN_OBJC_ROOT_CLASS = YES_ERROR;
				CLANG_WARN_QUOTED_INCLUDE_IN_FRAMEWORK_HEADER = YES;
				CLANG_WARN_RANGE_LOOP_ANALYSIS = YES;
				CLANG_WARN_STRICT_PROTOTYPES = YES;
				CLANG_WARN_SUSPICIOUS_MOVE = YES;
				CLANG_WARN_UNGUARDED_AVAILABILITY = YES_AGGRESSIVE;
				CLANG_WARN_UNREACHABLE_CODE = YES;
				CLANG_WARN__DUPLICATE_METHOD_MATCH = YES;
				COPY_PHASE_STRIP = NO;
				DEBUG_INFORMATION_FORMAT = "dwarf-with-dsym";
				ENABLE_NS_ASSERTIONS = NO;
				ENABLE_STRICT_OBJC_MSGSEND = YES;
				GCC_C_LANGUAGE_STANDARD = gnu11;
				GCC_NO_COMMON_BLOCKS = YES;
				GCC_WARN_64_TO_32_BIT_CONVERSION = YES;
				GCC_WARN_ABOUT_RETURN_TYPE = YES_ERROR;
				GCC_WARN_UNDECLARED_SELECTOR = YES;
				GCC_WARN_UNINITIALIZED_AUTOS = YES_AGGRESSIVE;
				GCC_WARN_UNUSED_FUNCTION = YES;
				GCC_WARN_UNUSED_VARIABLE = YES;
				IPHONEOS_DEPLOYMENT_TARGET = 14.5;
				MTL_ENABLE_DEBUG_INFO = NO;
				MTL_FAST_MATH = YES;
				SDKROOT = iphoneos;
				SWIFT_COMPILATION_MODE = wholemodule;
				SWIFT_OPTIMIZATION_LEVEL = "-O";
				VALIDATE_PRODUCT = YES;
			};
			name = Release;
		};
		B68B5586277BD9E00021484C /* Debug */ = {
			isa = XCBuildConfiguration;
			baseConfigurationReference = 15B6CE10CB9E72DF3DE6601A /* Pods-Instagram.debug.xcconfig */;
			buildSettings = {
				ASSETCATALOG_COMPILER_APPICON_NAME = AppIcon;
				ASSETCATALOG_COMPILER_GLOBAL_ACCENT_COLOR_NAME = AccentColor;
				CODE_SIGN_STYLE = Automatic;
				DEVELOPMENT_TEAM = 8JXL43X4BC;
				INFOPLIST_FILE = Instagram/Info.plist;
				LD_RUNPATH_SEARCH_PATHS = (
					"$(inherited)",
					"@executable_path/Frameworks",
				);
				PRODUCT_BUNDLE_IDENTIFIER = com.test.hutomo.Instagram;
				PRODUCT_NAME = "$(TARGET_NAME)";
				SWIFT_VERSION = 5.0;
				TARGETED_DEVICE_FAMILY = "1,2";
			};
			name = Debug;
		};
		B68B5587277BD9E00021484C /* Release */ = {
			isa = XCBuildConfiguration;
			baseConfigurationReference = 305DD1E14D07AF11DA9417BE /* Pods-Instagram.release.xcconfig */;
			buildSettings = {
				ASSETCATALOG_COMPILER_APPICON_NAME = AppIcon;
				ASSETCATALOG_COMPILER_GLOBAL_ACCENT_COLOR_NAME = AccentColor;
				CODE_SIGN_STYLE = Automatic;
				DEVELOPMENT_TEAM = 8JXL43X4BC;
				INFOPLIST_FILE = Instagram/Info.plist;
				LD_RUNPATH_SEARCH_PATHS = (
					"$(inherited)",
					"@executable_path/Frameworks",
				);
				PRODUCT_BUNDLE_IDENTIFIER = com.test.hutomo.Instagram;
				PRODUCT_NAME = "$(TARGET_NAME)";
				SWIFT_VERSION = 5.0;
				TARGETED_DEVICE_FAMILY = "1,2";
			};
			name = Release;
		};
/* End XCBuildConfiguration section */

/* Begin XCConfigurationList section */
		B68B556C277BD9DF0021484C /* Build configuration list for PBXProject "Instagram" */ = {
			isa = XCConfigurationList;
			buildConfigurations = (
				B68B5583277BD9E00021484C /* Debug */,
				B68B5584277BD9E00021484C /* Release */,
			);
			defaultConfigurationIsVisible = 0;
			defaultConfigurationName = Release;
		};
		B68B5585277BD9E00021484C /* Build configuration list for PBXNativeTarget "Instagram" */ = {
			isa = XCConfigurationList;
			buildConfigurations = (
				B68B5586277BD9E00021484C /* Debug */,
				B68B5587277BD9E00021484C /* Release */,
			);
			defaultConfigurationIsVisible = 0;
			defaultConfigurationName = Release;
		};
/* End XCConfigurationList section */
	};
	rootObject = B68B5569277BD9DF0021484C /* Project object */;
}
